
Microsoft Visual Studio Solution File, Format Version 12.00
# Visual Studio Version 17
VisualStudioVersion = 17.0.32112.339
MinimumVisualStudioVersion = 10.0.40219.1
Project("{FAE04EC0-301F-11D3-BF4B-00C04F79EFBC}") = "Deliverable2", "Deliverable2\Deliverable2.csproj", "{92A149F9-2D8E-44EE-895E-1D805A6FD51A}"
EndProject
Global
	GlobalSection(SolutionConfigurationPlatforms) = preSolution
		Debug|Any CPU = Debug|Any CPU
		Release|Any CPU = Release|Any CPU
	EndGlobalSection
	GlobalSection(ProjectConfigurationPlatforms) = postSolution
		{92A149F9-2D8E-44EE-895E-1D805A6FD51A}.Debug|Any CPU.ActiveCfg = Debug|Any CPU
		{92A149F9-2D8E-44EE-895E-1D805A6FD51A}.Debug|Any CPU.Build.0 = Debug|Any CPU
		{92A149F9-2D8E-44EE-895E-1D805A6FD51A}.Release|Any CPU.ActiveCfg = Release|Any CPU
		{92A149F9-2D8E-44EE-895E-1D805A6FD51A}.Release|Any CPU.Build.0 = Release|Any CPU
	EndGlobalSection
	GlobalSection(SolutionProperties) = preSolution
		HideSolutionNode = FALSE
	EndGlobalSection
	GlobalSection(ExtensibilityGlobals) = postSolution
		SolutionGuid = {6C14DB9D-5C96-4CD3-A590-C668BC28D5DD}
	EndGlobalSection
EndGlobal
